{
  "version": "5",
  "specifiers": {
    "jsr:@cliffy/command@1.0.0-rc.8": "1.0.0-rc.8",
    "jsr:@cliffy/flags@1.0.0-rc.8": "1.0.0-rc.8",
    "jsr:@cliffy/internal@1.0.0-rc.8": "1.0.0-rc.8",
    "jsr:@cliffy/table@1.0.0-rc.8": "1.0.0-rc.8",
    "jsr:@std/assert@1": "1.0.18",
    "jsr:@std/cli@*": "1.0.21",
    "jsr:@std/collections@^1.1.3": "1.1.3",
    "jsr:@std/fmt@~1.0.2": "1.0.8",
    "jsr:@std/fs@^1.0.22": "1.0.22",
    "jsr:@std/internal@^1.0.12": "1.0.12",
    "jsr:@std/path@^1.1.4": "1.1.4",
    "jsr:@std/text@~1.0.7": "1.0.17",
    "jsr:@std/toml@^1.0.11": "1.0.11",
    "jsr:@std/yaml@^1.0.11": "1.0.11"
  },
  "jsr": {
    "@cliffy/command@1.0.0-rc.8": {
      "integrity": "758147790797c74a707e5294cc7285df665422a13d2a483437092ffce40b5557",
      "dependencies": [
        "jsr:@cliffy/flags",
        "jsr:@cliffy/internal",
        "jsr:@cliffy/table",
        "jsr:@std/fmt",
        "jsr:@std/text"
      ]
    },
    "@cliffy/flags@1.0.0-rc.8": {
      "integrity": "0f1043ce6ef037ba1cb5fe6b1bcecb25dc2f29371a1c17f278ab0f45e4b6f46c",
      "dependencies": [
        "jsr:@std/text"
      ]
    },
    "@cliffy/internal@1.0.0-rc.8": {
      "integrity": "34cdf2fad9b084b5aed493b138d573f52d4e988767215f7460daf0b918ff43d8"
    },
    "@cliffy/table@1.0.0-rc.8": {
      "integrity": "8bbcdc2ba5e0061b4b13810a24e6f5c6ab19c09f0cce9eb691ccd76c7c6c9db5",
      "dependencies": [
        "jsr:@std/fmt"
      ]
    },
    "@std/assert@1.0.18": {
      "integrity": "270245e9c2c13b446286de475131dc688ca9abcd94fc5db41d43a219b34d1c78",
      "dependencies": [
        "jsr:@std/internal"
      ]
    },
    "@std/cli@1.0.21": {
      "integrity": "cd25b050bdf6282e321854e3822bee624f07aca7636a3a76d95f77a3a919ca2a"
    },
    "@std/collections@1.1.3": {
      "integrity": "bf8b0818886df6a32b64c7d3b037a425111f28278d69fd0995aeb62777c986b0"
    },
    "@std/fmt@1.0.8": {
      "integrity": "71e1fc498787e4434d213647a6e43e794af4fd393ef8f52062246e06f7e372b7"
    },
    "@std/fs@1.0.22": {
      "integrity": "de0f277a58a867147a8a01bc1b181d0dfa80bfddba8c9cf2bacd6747bcec9308",
      "dependencies": [
        "jsr:@std/internal",
        "jsr:@std/path"
      ]
    },
    "@std/internal@1.0.12": {
      "integrity": "972a634fd5bc34b242024402972cd5143eac68d8dffaca5eaa4dba30ce17b027"
    },
    "@std/path@1.1.4": {
      "integrity": "1d2d43f39efb1b42f0b1882a25486647cb851481862dc7313390b2bb044314b5",
      "dependencies": [
        "jsr:@std/internal"
      ]
    },
    "@std/text@1.0.17": {
      "integrity": "4b2c4ef67ae5b6c1dfd447c81c83a43718f52e3c7e748d8b33f694aba9895f95"
    },
    "@std/toml@1.0.11": {
      "integrity": "e084988b872ca4bad6aedfb7350f6eeed0e8ba88e9ee5e1590621c5b5bb8f715",
      "dependencies": [
        "jsr:@std/collections"
      ]
    },
    "@std/yaml@1.0.11": {
      "integrity": "bd139ce77f2d06cbed3713c8b26d301d2a2e12ecc7986130a268107e212143ee"
    }
  },
  "redirects": {
    "https://esm.sh/@types/extend@~3.0.4/index.d.ts": "https://esm.sh/@types/extend@3.0.4/index.d.ts",
    "https://esm.sh/bail@^2.0.0?target=denonext": "https://esm.sh/bail@2.0.2?target=denonext",
    "https://esm.sh/character-entities@^2.0.0?target=denonext": "https://esm.sh/character-entities@2.0.2?target=denonext",
    "https://esm.sh/decode-named-character-reference@^1.0.0?target=denonext": "https://esm.sh/decode-named-character-reference@1.3.0?target=denonext",
    "https://esm.sh/devlop@^1.0.0?target=denonext": "https://esm.sh/devlop@1.1.0?target=denonext",
    "https://esm.sh/escape-string-regexp@^5.0.0?target=denonext": "https://esm.sh/escape-string-regexp@5.0.0?target=denonext",
    "https://esm.sh/extend@^3.0.0?target=denonext": "https://esm.sh/extend@3.0.2?target=denonext",
    "https://esm.sh/fault@^2.0.0?target=denonext": "https://esm.sh/fault@2.0.1?target=denonext",
    "https://esm.sh/format@^0.2.0?target=denonext": "https://esm.sh/format@0.2.2?target=denonext",
    "https://esm.sh/is-plain-obj@^4.0.0?target=denonext": "https://esm.sh/is-plain-obj@4.1.0?target=denonext",
    "https://esm.sh/longest-streak@^3.0.0?target=denonext": "https://esm.sh/longest-streak@3.1.0?target=denonext",
    "https://esm.sh/mdast-util-find-and-replace@3": "https://esm.sh/mdast-util-find-and-replace@3.0.2",
    "https://esm.sh/mdast-util-from-markdown@^2.0.0?target=denonext": "https://esm.sh/mdast-util-from-markdown@2.0.2?target=denonext",
    "https://esm.sh/mdast-util-frontmatter@^2.0.0?target=denonext": "https://esm.sh/mdast-util-frontmatter@2.0.1?target=denonext",
    "https://esm.sh/mdast-util-phrasing@^4.0.0?target=denonext": "https://esm.sh/mdast-util-phrasing@4.1.0?target=denonext",
    "https://esm.sh/mdast-util-to-markdown@^2.0.0?target=denonext": "https://esm.sh/mdast-util-to-markdown@2.1.2?target=denonext",
    "https://esm.sh/mdast-util-to-string@^4.0.0?target=denonext": "https://esm.sh/mdast-util-to-string@4.0.0?target=denonext",
    "https://esm.sh/micromark-core-commonmark@^2.0.0?target=denonext": "https://esm.sh/micromark-core-commonmark@2.0.3?target=denonext",
    "https://esm.sh/micromark-extension-frontmatter@^2.0.0?target=denonext": "https://esm.sh/micromark-extension-frontmatter@2.0.0?target=denonext",
    "https://esm.sh/micromark-factory-destination@^2.0.0?target=denonext": "https://esm.sh/micromark-factory-destination@2.0.1?target=denonext",
    "https://esm.sh/micromark-factory-label@^2.0.0?target=denonext": "https://esm.sh/micromark-factory-label@2.0.1?target=denonext",
    "https://esm.sh/micromark-factory-space@^2.0.0?target=denonext": "https://esm.sh/micromark-factory-space@2.0.1?target=denonext",
    "https://esm.sh/micromark-factory-title@^2.0.0?target=denonext": "https://esm.sh/micromark-factory-title@2.0.1?target=denonext",
    "https://esm.sh/micromark-factory-whitespace@^2.0.0?target=denonext": "https://esm.sh/micromark-factory-whitespace@2.0.1?target=denonext",
    "https://esm.sh/micromark-util-character@^2.0.0?target=denonext": "https://esm.sh/micromark-util-character@2.1.1?target=denonext",
    "https://esm.sh/micromark-util-chunked@^2.0.0?target=denonext": "https://esm.sh/micromark-util-chunked@2.0.1?target=denonext",
    "https://esm.sh/micromark-util-classify-character@^2.0.0?target=denonext": "https://esm.sh/micromark-util-classify-character@2.0.1?target=denonext",
    "https://esm.sh/micromark-util-combine-extensions@^2.0.0?target=denonext": "https://esm.sh/micromark-util-combine-extensions@2.0.1?target=denonext",
    "https://esm.sh/micromark-util-decode-numeric-character-reference@^2.0.0?target=denonext": "https://esm.sh/micromark-util-decode-numeric-character-reference@2.0.2?target=denonext",
    "https://esm.sh/micromark-util-decode-string@^2.0.0?target=denonext": "https://esm.sh/micromark-util-decode-string@2.0.1?target=denonext",
    "https://esm.sh/micromark-util-encode@^2.0.0?target=denonext": "https://esm.sh/micromark-util-encode@2.0.1?target=denonext",
    "https://esm.sh/micromark-util-html-tag-name@^2.0.0?target=denonext": "https://esm.sh/micromark-util-html-tag-name@2.0.1?target=denonext",
    "https://esm.sh/micromark-util-normalize-identifier@^2.0.0?target=denonext": "https://esm.sh/micromark-util-normalize-identifier@2.0.1?target=denonext",
    "https://esm.sh/micromark-util-resolve-all@^2.0.0?target=denonext": "https://esm.sh/micromark-util-resolve-all@2.0.1?target=denonext",
    "https://esm.sh/micromark-util-sanitize-uri@^2.0.0?target=denonext": "https://esm.sh/micromark-util-sanitize-uri@2.0.1?target=denonext",
    "https://esm.sh/micromark-util-subtokenize@^2.0.0?target=denonext": "https://esm.sh/micromark-util-subtokenize@2.1.0?target=denonext",
    "https://esm.sh/micromark@^4.0.0?target=denonext": "https://esm.sh/micromark@4.0.2?target=denonext",
    "https://esm.sh/remark-frontmatter@5": "https://esm.sh/remark-frontmatter@5.0.0",
    "https://esm.sh/remark-parse@11": "https://esm.sh/remark-parse@11.0.0",
    "https://esm.sh/remark-parse@^11.0.0?target=denonext": "https://esm.sh/remark-parse@11.0.0?target=denonext",
    "https://esm.sh/remark-stringify@11": "https://esm.sh/remark-stringify@11.0.0",
    "https://esm.sh/remark-stringify@^11.0.0?target=denonext": "https://esm.sh/remark-stringify@11.0.0?target=denonext",
    "https://esm.sh/remark@15": "https://esm.sh/remark@15.0.1",
    "https://esm.sh/trough@^2.0.0?target=denonext": "https://esm.sh/trough@2.2.0?target=denonext",
    "https://esm.sh/unified@11": "https://esm.sh/unified@11.0.5",
    "https://esm.sh/unified@^11.0.0?target=denonext": "https://esm.sh/unified@11.0.5?target=denonext",
    "https://esm.sh/unist-builder@4": "https://esm.sh/unist-builder@4.0.0",
    "https://esm.sh/unist-util-is@^6.0.0?target=denonext": "https://esm.sh/unist-util-is@6.0.1?target=denonext",
    "https://esm.sh/unist-util-stringify-position@^4.0.0?target=denonext": "https://esm.sh/unist-util-stringify-position@4.0.0?target=denonext",
    "https://esm.sh/unist-util-visit-parents@^6.0.0?target=denonext": "https://esm.sh/unist-util-visit-parents@6.0.2?target=denonext",
    "https://esm.sh/unist-util-visit@5": "https://esm.sh/unist-util-visit@5.1.0",
    "https://esm.sh/unist-util-visit@^5.0.0?target=denonext": "https://esm.sh/unist-util-visit@5.1.0?target=denonext",
    "https://esm.sh/vfile-message@^4.0.0?target=denonext": "https://esm.sh/vfile-message@4.0.3?target=denonext",
    "https://esm.sh/vfile@^6.0.0?target=denonext": "https://esm.sh/vfile@6.0.3?target=denonext",
    "https://esm.sh/zwitch@^2.0.0?target=denonext": "https://esm.sh/zwitch@2.0.4?target=denonext"
  },
  "remote": {
    "https://esm.sh/@types/mdast@4.0.4/index.js": "fabf6997a3adf11e45d11e3c4d58d0634ab98f9d72f3116f3694123818ccd457",
    "https://esm.sh/bail@2.0.2/denonext/bail.mjs": "384030255809f49c4056a4876ee94a177253d8f3d77d2f150f097c5ce91f8ec6",
    "https://esm.sh/bail@2.0.2?target=denonext": "4bb045b2ef8bed208c284fdab79fb7b5ae39160febd1c8b35c68d00e858db19b",
    "https://esm.sh/character-entities@2.0.2/denonext/character-entities.mjs": "d15396c2d78022cb26a289c75ee1fb7aaa556334bb24ff7b1ca3634a2770c4ef",
    "https://esm.sh/character-entities@2.0.2?target=denonext": "2d10b2ddc9c8e2977f63c2906c25adb68ed7e9bea396059d011463aa067149b9",
    "https://esm.sh/decode-named-character-reference@1.3.0/denonext/decode-named-character-reference.mjs": "065acaf6a8dadc742898429d2997660cb6ccfcca90fab70f8524f33f00b9acb1",
    "https://esm.sh/decode-named-character-reference@1.3.0?target=denonext": "888219c6aee1e1316f1357ac4b1e4fc89ac78cae1e267a253009ebeb85cb878b",
    "https://esm.sh/devlop@1.1.0/denonext/devlop.mjs": "c510d1d2f0a44e17c6658ab69e0e93264c5652fcd2f230e528470248c24047e6",
    "https://esm.sh/devlop@1.1.0?target=denonext": "e8f34c5946b08720b9d8f089248ef5c6c81481e07ca3bba5d551f92400e5a474",
    "https://esm.sh/escape-string-regexp@5.0.0/denonext/escape-string-regexp.mjs": "e7e83223aeadce014afec3437ad9eb2c38d4fd583d55e48934f3325834e7388e",
    "https://esm.sh/escape-string-regexp@5.0.0?target=denonext": "a04bd35da97b7bb95120eb6923dcd64751185568d333fa6a64a1ca0be2b4feac",
    "https://esm.sh/extend@3.0.2/denonext/extend.mjs": "2fcb45893e5be70d629e3c4c6f3100ee1bba03bc672ece1d4ae57c3b88db3a71",
    "https://esm.sh/extend@3.0.2?target=denonext": "35f0cb416b1c2975321f6cfc0fc0e9ae13d3a83fe90705718880f502a2e22ea4",
    "https://esm.sh/fault@2.0.1/denonext/fault.mjs": "0e6e3d55668c6fd53cf43d164d9286144e3a6d7db0e68d5db1f13935e3969020",
    "https://esm.sh/fault@2.0.1?target=denonext": "2aca6d7849e2a3c5f9cc2954b2ebbb014f20207f5e378c12f0a09637a28036ed",
    "https://esm.sh/format@0.2.2/denonext/format.mjs": "7381d5c48f4e15421cddde121dd30d1dd65459f55a2a80dcbb6d780750f3ba8a",
    "https://esm.sh/format@0.2.2?target=denonext": "e1af547220f0f91d2d856044f748e348f3e6a72e20b48cb0ddfa7ffc01767d22",
    "https://esm.sh/is-plain-obj@4.1.0/denonext/is-plain-obj.mjs": "b2148bf350315cbc1ea1a04b358367e4daf3a9da53a634220d7f1a42e110ed4e",
    "https://esm.sh/is-plain-obj@4.1.0?target=denonext": "1816dcb650ccabbf582c01010105a7d09d5138a4745be4d10d21efba5d2513ee",
    "https://esm.sh/longest-streak@3.1.0/denonext/longest-streak.mjs": "b3679e1f871189395c1e60417470b1767daa360e32a7a9081eee269652f6784a",
    "https://esm.sh/longest-streak@3.1.0?target=denonext": "69d6d4513a1bd54b0451a0801722bb82196c0e0af39b50301b2c4cc77bc6672e",
    "https://esm.sh/mdast-util-find-and-replace@3.0.2": "b336fbe701983244677c8d2eb46c5b1be1b2fb8e5fccd3035c469cc830b5583e",
    "https://esm.sh/mdast-util-find-and-replace@3.0.2/denonext/mdast-util-find-and-replace.mjs": "62f870c04e7057b035726f84c528684ba28f19c2100c9adf40dd523282323133",
    "https://esm.sh/mdast-util-from-markdown@2.0.2/denonext/mdast-util-from-markdown.mjs": "1177962b4e41eedffa8f46b06584c43a84591cf03641ab6b890318e9471f750a",
    "https://esm.sh/mdast-util-from-markdown@2.0.2?target=denonext": "2687f8fb508708e37de6d7531894d5472223e3b76fde684fdfb178f2ac101ceb",
    "https://esm.sh/mdast-util-frontmatter@2.0.1/denonext/mdast-util-frontmatter.mjs": "1c44a7624c2ce2d17cf6b3762e2b279f7f56fa5f3a2b106067922fccc8ab1dee",
    "https://esm.sh/mdast-util-frontmatter@2.0.1?target=denonext": "533bc6ac392e2cf90ab72d36f9835fc647c69a1ebe721a24beec955d34da2305",
    "https://esm.sh/mdast-util-phrasing@4.1.0/denonext/mdast-util-phrasing.mjs": "7f34b64d37f773f1acf912be68ab6dca0b5744d70701f66207f6596a295f9e41",
    "https://esm.sh/mdast-util-phrasing@4.1.0?target=denonext": "3cf6dc180420477f48341be6a5309157dffc262ccc4c35da139fe0ff37ce753b",
    "https://esm.sh/mdast-util-to-markdown@2.1.2/denonext/mdast-util-to-markdown.mjs": "bb241500e7d387c50e87eeb96eace3f02717324788f51fbbd183794b6c8f11ef",
    "https://esm.sh/mdast-util-to-markdown@2.1.2?target=denonext": "f05cb5b5c2e707504e27e18adc3f5dfb3d65d4f428af618be2cccfa4c44bc749",
    "https://esm.sh/mdast-util-to-string@4.0.0/denonext/mdast-util-to-string.mjs": "0cc67aaadd998d60b82ab54c51f6320231f915aa6288694eb1a5eea017226a73",
    "https://esm.sh/mdast-util-to-string@4.0.0?target=denonext": "8d15ff9b0a1cac20bfd8af081a133c6d7aac64e34fdd237aeb35cdb3521948ea",
    "https://esm.sh/micromark-core-commonmark@2.0.3/denonext/micromark-core-commonmark.mjs": "672c110ff674d54beacf859caaccb66ad776316eeed024b5c1c86ed896c66cdf",
    "https://esm.sh/micromark-core-commonmark@2.0.3?target=denonext": "c7f7707f941c6714f0189301caaded4abde8996d61e4173ef9bb8b1d4a9cdef8",
    "https://esm.sh/micromark-extension-frontmatter@2.0.0/denonext/micromark-extension-frontmatter.mjs": "f9b9da7b122b624d7db66e971ad44bcfc56f1745389ce1a608629ef4a45c391c",
    "https://esm.sh/micromark-extension-frontmatter@2.0.0?target=denonext": "479200bd84e7803953e2512615a0be57aa0059e77b08f4dc69243d2c31d8ee91",
    "https://esm.sh/micromark-factory-destination@2.0.1/denonext/micromark-factory-destination.mjs": "02e9933a1b99e5ca4bddb92658a310fbb9c6eade47e3c6e0d9c9ec2b0b6b1503",
    "https://esm.sh/micromark-factory-destination@2.0.1?target=denonext": "20f6c02cb016930493fd90ead45cf9907af1e23cc31ac0666bd9d1f012392db2",
    "https://esm.sh/micromark-factory-label@2.0.1/denonext/micromark-factory-label.mjs": "932e00402dd441f65871fe07a500722c8384475949606d74aa34d6e9d1affaed",
    "https://esm.sh/micromark-factory-label@2.0.1?target=denonext": "36d5ecce5715456ef6df4b6df41f6afbd4664e88ebc938e3b968398e7a131873",
    "https://esm.sh/micromark-factory-space@2.0.1/denonext/micromark-factory-space.mjs": "629330f72ac17c306c0a96fa8585564983a555acce6123dc5a19b4168844b3dc",
    "https://esm.sh/micromark-factory-space@2.0.1?target=denonext": "534110c835418f7734d5a95c0b3d17a3407cc7ad185b29f614debd0fc764a273",
    "https://esm.sh/micromark-factory-title@2.0.1/denonext/micromark-factory-title.mjs": "54836826d7b01f9df3eb879e28723e68cc651ff6ee1209e0d330fad7d9e2a1c9",
    "https://esm.sh/micromark-factory-title@2.0.1?target=denonext": "89b698c68705321d42bb80f1de290de3eb5f47e75256abcd918c9307baac052e",
    "https://esm.sh/micromark-factory-whitespace@2.0.1/denonext/micromark-factory-whitespace.mjs": "97e209d227ab5374ae9693f83386efa99374acd94f9fbfd1460423e1b5d201da",
    "https://esm.sh/micromark-factory-whitespace@2.0.1?target=denonext": "31d15afad988724c6364cea162fd3693bccb899b03d5df916377981a7577f175",
    "https://esm.sh/micromark-util-character@2.1.1/denonext/micromark-util-character.mjs": "f906588cf18dd5385e3eec4f0a2fba64c4e76fd8b646209b65011a386bc04d00",
    "https://esm.sh/micromark-util-character@2.1.1?target=denonext": "e445c6bc3be10c82ccc5d79255b50683c22903f7c3cad535cda227b9325530ff",
    "https://esm.sh/micromark-util-chunked@2.0.1/denonext/micromark-util-chunked.mjs": "1bf94c0d563ca1ec32d5ec293c5d99145865678ff0bdf8e96804a84d591b3691",
    "https://esm.sh/micromark-util-chunked@2.0.1?target=denonext": "6647a0b1b1cfd638fd3a1fa272d2828d9989e5d78e0ef986572b72f5a3185b45",
    "https://esm.sh/micromark-util-classify-character@2.0.1/denonext/micromark-util-classify-character.mjs": "d9e1f27ac78b50280e193cb0916205ef09b10a525d454de4ed62b32887795da6",
    "https://esm.sh/micromark-util-classify-character@2.0.1?target=denonext": "5091803eac11e1066ee40e203056cbb98e6f935f9913016c35e29bb4a9bede0a",
    "https://esm.sh/micromark-util-combine-extensions@2.0.1/denonext/micromark-util-combine-extensions.mjs": "390e174b64b38891ec66fb33c8abd147e88a537995464d876ba3273ad00d0288",
    "https://esm.sh/micromark-util-combine-extensions@2.0.1?target=denonext": "2efbd7613fad4a46ea11f1dcad11b4026d9b83928f8189f39949cabc725211d4",
    "https://esm.sh/micromark-util-decode-numeric-character-reference@2.0.2/denonext/micromark-util-decode-numeric-character-reference.mjs": "a0ad32383214578b5e535e342d616437e03e70221edd0a311ae65ee4b3564c53",
    "https://esm.sh/micromark-util-decode-numeric-character-reference@2.0.2?target=denonext": "4913b8680d6ed01be5b15ee66ef9e01c70e29758bd07d776b5fc6e24a2189195",
    "https://esm.sh/micromark-util-decode-string@2.0.1/denonext/micromark-util-decode-string.mjs": "c1158d76dd23af8ffd32342e613b43112337b6614219ff44d2368760009dcdca",
    "https://esm.sh/micromark-util-decode-string@2.0.1?target=denonext": "065611d34090b46cea4d83d240a6db94a360c2095e1b70596b97efabf3a063ce",
    "https://esm.sh/micromark-util-encode@2.0.1/denonext/micromark-util-encode.mjs": "fba5f874b451986181d4e9948ef8c9baba3b4f5120ec3579ea56f76877df4cb4",
    "https://esm.sh/micromark-util-encode@2.0.1?target=denonext": "fc0f1c8fc2cad5e6edc2157f7faf3c0a59a73aeb49e03f8ccddd9a478c8f1ad8",
    "https://esm.sh/micromark-util-html-tag-name@2.0.1/denonext/micromark-util-html-tag-name.mjs": "a71b054204ce74dc2eb87bb8f9b9fdfa2154efde7a95223853dd8fffc44977b7",
    "https://esm.sh/micromark-util-html-tag-name@2.0.1?target=denonext": "7d3b4f82d036e0333fb31cd34182e40b9425f3202e7e50054654c7bdadfaadc1",
    "https://esm.sh/micromark-util-normalize-identifier@2.0.1/denonext/micromark-util-normalize-identifier.mjs": "c8ca3b1cb2fc123195b6b3dfa2f7f313f5287ec1c890a636950bbb3f13bf18c9",
    "https://esm.sh/micromark-util-normalize-identifier@2.0.1?target=denonext": "e9582a4c88f1d000a6881cd50b4ebc1e523719ca1bd30bf2c7b5ed9e57d0c72b",
    "https://esm.sh/micromark-util-resolve-all@2.0.1/denonext/micromark-util-resolve-all.mjs": "553a992e0b3875bbfcdb41299f024878cbf726f264dff46db7a6c20e1908c6f0",
    "https://esm.sh/micromark-util-resolve-all@2.0.1?target=denonext": "dcc380222d422919d39858699d6b27e9c902828dfd58c9e6c4c32933496d2c9d",
    "https://esm.sh/micromark-util-sanitize-uri@2.0.1/denonext/micromark-util-sanitize-uri.mjs": "cf55ce70c5cc1379955116bf7ad8ae6a317078a47d48c44c69742358c81e1220",
    "https://esm.sh/micromark-util-sanitize-uri@2.0.1?target=denonext": "14ec4f9c3a39e97707e89dd16cb7cf975387ea75442d319b308417b7f6abd74c",
    "https://esm.sh/micromark-util-subtokenize@2.1.0/denonext/micromark-util-subtokenize.mjs": "43a653234a9f01479e063051f1e6237cd98d31c08aaf8fdf8fff82689bffdbed",
    "https://esm.sh/micromark-util-subtokenize@2.1.0?target=denonext": "9260b377186fe70f3d07f902245736b0eb3bee21500abbaa5d7152453e5faf59",
    "https://esm.sh/micromark@4.0.2/denonext/lib/compile.mjs": "de179ea8d69051838e67a7401330ee6385f995796c5c2407f66cfc41c72e1a33",
    "https://esm.sh/micromark@4.0.2/denonext/lib/parse.mjs": "5b1195b93c1c798d07b2c37c5501ab8302b07c981de2502da5de96c193852a71",
    "https://esm.sh/micromark@4.0.2/denonext/lib/postprocess.mjs": "888ee21a24ccca485159179ac8f423da81a820355d5b1a0216a7def7dd49309b",
    "https://esm.sh/micromark@4.0.2/denonext/lib/preprocess.mjs": "eb3ca8178876c8bdda0c56b0191aedf59b9822de983d051bfbe6e02e6c4f2c0d",
    "https://esm.sh/micromark@4.0.2/denonext/micromark.mjs": "d6a301df31742731490de7931fe6bc1d42dde369e2f3b58e685b09c1905b04b4",
    "https://esm.sh/micromark@4.0.2?target=denonext": "b3012311265a68f11418c31073bdedf455b001a9f835615a0635258e36087305",
    "https://esm.sh/remark-frontmatter@5.0.0": "0db0e831ec21d5efe476a37a6f4184448b80767fc2f78662bc3f3bb42450cb91",
    "https://esm.sh/remark-frontmatter@5.0.0/denonext/remark-frontmatter.mjs": "ec4c5716990b60b9f602a8ed6cfc0511f48a6dba25375981b76ee6c99765d2a1",
    "https://esm.sh/remark-parse@11.0.0": "f281dbd72bbffef14d203ae8d7f06ff88c5f04890e3546bd15aac84f9753e2cc",
    "https://esm.sh/remark-parse@11.0.0/denonext/remark-parse.mjs": "45f932d8db3742e527bbffa83c0c22dd9a16c01febe0c5083e048681a542aef0",
    "https://esm.sh/remark-parse@11.0.0?target=denonext": "f281dbd72bbffef14d203ae8d7f06ff88c5f04890e3546bd15aac84f9753e2cc",
    "https://esm.sh/remark-stringify@11.0.0": "a5d7fc40630aae39780a02db2181d43a76c46d76aee35a326faf28103cffa54f",
    "https://esm.sh/remark-stringify@11.0.0/denonext/remark-stringify.mjs": "20e7b27522883615cf341505254579ca76e72281b2bc7a7a877d9e179d74b4dd",
    "https://esm.sh/remark-stringify@11.0.0?target=denonext": "a5d7fc40630aae39780a02db2181d43a76c46d76aee35a326faf28103cffa54f",
    "https://esm.sh/remark@15.0.1": "cea00b737e7261ea3a7cea129e895a6596ac17a55e2d2217f9d68567c1452b92",
    "https://esm.sh/remark@15.0.1/denonext/remark.mjs": "6a520c99804e2a1ad720f98b03414f20013d7de1967df8484d0544fb2cf19b26",
    "https://esm.sh/trough@2.2.0/denonext/trough.mjs": "fada5c5b43a3812bc17588a3ff3db5bafb276d50fb97ec8f06bc74f93dca76fb",
    "https://esm.sh/trough@2.2.0?target=denonext": "8b2d3baca46cd23524f77b1db60ff17176032b1212c5887c23029d410d509ccc",
    "https://esm.sh/unified@11.0.5": "72e30274eb07271c1cf92faffd5d33b4ecd714032bad012c1eb007ada1e11e01",
    "https://esm.sh/unified@11.0.5/denonext/unified.mjs": "fbd4f7d4d7a9202c91c83d20e3efac54a8bc27eccdb7865ad0e1ba3daf0a9608",
    "https://esm.sh/unified@11.0.5?target=denonext": "72e30274eb07271c1cf92faffd5d33b4ecd714032bad012c1eb007ada1e11e01",
    "https://esm.sh/unist-builder@4.0.0": "da386b5bcda7d0073860902408ca99374c7acbca2c2cb96ee7e231884957e87a",
    "https://esm.sh/unist-builder@4.0.0/denonext/unist-builder.mjs": "6c591dd730a7482a5d320c24fe5f40c762ea9a34885a330d552d13f1e204462a",
    "https://esm.sh/unist-util-is@6.0.1/denonext/unist-util-is.mjs": "af07bae3af42c35dd4e855add5185c56f8a813e8580cc34f85de21ec07afd302",
    "https://esm.sh/unist-util-is@6.0.1?target=denonext": "5ecd0a85d4eba33eaac92f7c87cc69a062a1965b1a0f8d311ca7a231f67c3e4b",
    "https://esm.sh/unist-util-stringify-position@4.0.0/denonext/unist-util-stringify-position.mjs": "1e524ff61198426bbdd72735fe7c372b83dbb1c6e5bfa9ab7d0f15268eb65c52",
    "https://esm.sh/unist-util-stringify-position@4.0.0?target=denonext": "b096f6b3c0936aeeafa56a86945fa7add4e1ec11986f61f09aabe332edab4581",
    "https://esm.sh/unist-util-visit-parents@6.0.2/denonext/do-not-use-color.mjs": "8f2b02bfb174c2dbc28e713fd88efde557ca4f7019f41895c06d576960fa4497",
    "https://esm.sh/unist-util-visit-parents@6.0.2/denonext/unist-util-visit-parents.mjs": "4b5f1945c8b602cbd08922af60f98101236af4f0d61ca033d09b87a4ecb7fc2f",
    "https://esm.sh/unist-util-visit-parents@6.0.2?target=denonext": "308e3142cbf19af4e6eb5e55474ef0260ea21a06f748d41cc465765c018387f5",
    "https://esm.sh/unist-util-visit@5.1.0": "6a3578aa79a5fe06de3c3b7362af52a0f0ec776691adcd9d503c8bb70e716cdf",
    "https://esm.sh/unist-util-visit@5.1.0/denonext/unist-util-visit.mjs": "bb52b3a85eae91ac78d027e0d98de029365d0570b0d60ef6b7e001a7cc4db83a",
    "https://esm.sh/unist-util-visit@5.1.0?target=denonext": "6a3578aa79a5fe06de3c3b7362af52a0f0ec776691adcd9d503c8bb70e716cdf",
    "https://esm.sh/vfile-message@4.0.3/denonext/vfile-message.mjs": "bd6a4d3d906961a3ef1d079781a1b7cb12b999c29868b461550aa6d8901fe2c4",
    "https://esm.sh/vfile-message@4.0.3?target=denonext": "258a52f114f2a8407ae5222ba756e2677b36d6199c86661c46dcafd738afd050",
    "https://esm.sh/vfile@6.0.3/denonext/vfile.mjs": "b446746c9851716929eccc2fba7959efebb504d9bfa8b2ff896010fc6d1faafa",
    "https://esm.sh/vfile@6.0.3?target=denonext": "327f726bcdb4cf07c2a6f4a5aa0e29941cdf0e44b536cef3b85f7a28b862e423",
    "https://esm.sh/zwitch@2.0.4/denonext/zwitch.mjs": "9952f81d17f82f6d3ba09f0b593e479474825403f4956e3c48d77555d699ac0c",
    "https://esm.sh/zwitch@2.0.4?target=denonext": "6be0fec2f874b4fdeec2943cd95522fce96968c8f4b3b4ac87f6110409d3c370"
  },
  "workspace": {
    "dependencies": [
      "jsr:@cliffy/command@1.0.0-rc.8",
      "jsr:@std/assert@1",
      "jsr:@std/fs@^1.0.22",
      "jsr:@std/path@^1.1.4",
      "jsr:@std/toml@^1.0.11",
      "jsr:@std/yaml@^1.0.11"
    ]
  }
}
